
Microsoft Visual Studio Solution File, Format Version 12.00
# Visual Studio Version 17
VisualStudioVersion = 17.0.32014.148
MinimumVisualStudioVersion = 10.0.40219.1
Project("{FAE04EC0-301F-11D3-BF4B-00C04F79EFBC}") = "DataAccess", "DataAccess\DataAccess.csproj", "{DE62963C-9234-4785-8F5C-79FB25D7529A}"
EndProject
Project("{FAE04EC0-301F-11D3-BF4B-00C04F79EFBC}") = "Entities", "Entities\Entities.csproj", "{DA1005E4-BACB-42A0-B328-A6283E18C5EC}"
EndProject
Project("{FAE04EC0-301F-11D3-BF4B-00C04F79EFBC}") = "Core", "Core\Core.csproj", "{1AE00215-F210-44EC-92BD-6EF5C9D8B882}"
EndProject
Project("{FAE04EC0-301F-11D3-BF4B-00C04F79EFBC}") = "Business", "Business\Business.csproj", "{31611D81-53A8-4B81-AF0F-C46A93899875}"
EndProject
Project("{FAE04EC0-301F-11D3-BF4B-00C04F79EFBC}") = "WebAPI", "WebAPI\WebAPI.csproj", "{C6AD04D0-85BA-4127-AD67-54FF1002D46A}"
EndProject
Global
	GlobalSection(SolutionConfigurationPlatforms) = preSolution
		Debug|Any CPU = Debug|Any CPU
		Release|Any CPU = Release|Any CPU
	EndGlobalSection
	GlobalSection(ProjectConfigurationPlatforms) = postSolution
		{DE62963C-9234-4785-8F5C-79FB25D7529A}.Debug|Any CPU.ActiveCfg = Debug|Any CPU
		{DE62963C-9234-4785-8F5C-79FB25D7529A}.Debug|Any CPU.Build.0 = Debug|Any CPU
		{DE62963C-9234-4785-8F5C-79FB25D7529A}.Release|Any CPU.ActiveCfg = Release|Any CPU
		{DE62963C-9234-4785-8F5C-79FB25D7529A}.Release|Any CPU.Build.0 = Release|Any CPU
		{DA1005E4-BACB-42A0-B328-A6283E18C5EC}.Debug|Any CPU.ActiveCfg = Debug|Any CPU
		{DA1005E4-BACB-42A0-B328-A6283E18C5EC}.Debug|Any CPU.Build.0 = Debug|Any CPU
		{DA1005E4-BACB-42A0-B328-A6283E18C5EC}.Release|Any CPU.ActiveCfg = Release|Any CPU
		{DA1005E4-BACB-42A0-B328-A6283E18C5EC}.Release|Any CPU.Build.0 = Release|Any CPU
		{1AE00215-F210-44EC-92BD-6EF5C9D8B882}.Debug|Any CPU.ActiveCfg = Debug|Any CPU
		{1AE00215-F210-44EC-92BD-6EF5C9D8B882}.Debug|Any CPU.Build.0 = Debug|Any CPU
		{1AE00215-F210-44EC-92BD-6EF5C9D8B882}.Release|Any CPU.ActiveCfg = Release|Any CPU
		{1AE00215-F210-44EC-92BD-6EF5C9D8B882}.Release|Any CPU.Build.0 = Release|Any CPU
		{31611D81-53A8-4B81-AF0F-C46A93899875}.Debug|Any CPU.ActiveCfg = Debug|Any CPU
		{31611D81-53A8-4B81-AF0F-C46A93899875}.Debug|Any CPU.Build.0 = Debug|Any CPU
		{31611D81-53A8-4B81-AF0F-C46A93899875}.Release|Any CPU.ActiveCfg = Release|Any CPU
		{31611D81-53A8-4B81-AF0F-C46A93899875}.Release|Any CPU.Build.0 = Release|Any CPU
		{C6AD04D0-85BA-4127-AD67-54FF1002D46A}.Debug|Any CPU.ActiveCfg = Debug|Any CPU
		{C6AD04D0-85BA-4127-AD67-54FF1002D46A}.Debug|Any CPU.Build.0 = Debug|Any CPU
		{C6AD04D0-85BA-4127-AD67-54FF1002D46A}.Release|Any CPU.ActiveCfg = Release|Any CPU
		{C6AD04D0-85BA-4127-AD67-54FF1002D46A}.Release|Any CPU.Build.0 = Release|Any CPU
	EndGlobalSection
	GlobalSection(SolutionProperties) = preSolution
		HideSolutionNode = FALSE
	EndGlobalSection
	GlobalSection(ExtensibilityGlobals) = postSolution
		SolutionGuid = {3CC646CB-7D45-47DD-BECF-2E4C56324E6A}
	EndGlobalSection
EndGlobal
